
Microsoft Visual Studio Solution File, Format Version 12.00
# Visual Studio Version 16
VisualStudioVersion = 16.0.31205.134
MinimumVisualStudioVersion = 10.0.40219.1
Project("{9A19103F-16F7-4668-BE54-9A1E7A4F7556}") = "Singleton", "Singleton\Singleton.csproj", "{B6ECC248-A02C-4A7C-98D5-845E5C894574}"
EndProject
Project("{9A19103F-16F7-4668-BE54-9A1E7A4F7556}") = "AbstractFactory", "AbstractFactory\AbstractFactory.csproj", "{03D6AF19-F1EB-416E-95B7-12F347D76E19}"
EndProject
Project("{9A19103F-16F7-4668-BE54-9A1E7A4F7556}") = "Observer", "Observer\Observer.csproj", "{D75C942C-7FA8-4310-A022-339274DD0845}"
EndProject
Project("{9A19103F-16F7-4668-BE54-9A1E7A4F7556}") = "Decorator", "Decorator\Decorator.csproj", "{A0484373-B571-4485-9867-A000D8A33E48}"
EndProject
Project("{9A19103F-16F7-4668-BE54-9A1E7A4F7556}") = "Adapter", "Adapter\Adapter.csproj", "{A6CA96F9-FC31-4DC0-88FF-CF0232E6D631}"
EndProject
Project("{9A19103F-16F7-4668-BE54-9A1E7A4F7556}") = "Ioc_DI", "Ioc_DI\Ioc_DI.csproj", "{9DF6E89E-5B83-49C6-A1C5-406100A05918}"
EndProject
Project("{9A19103F-16F7-4668-BE54-9A1E7A4F7556}") = "Mediator", "Mediator\Mediator.csproj", "{0CAFB26D-F5EE-47DA-BC4D-DD12283600B0}"
EndProject
Project("{9A19103F-16F7-4668-BE54-9A1E7A4F7556}") = "Iterator", "Iterator\Iterator.csproj", "{8EEF563D-D12D-49FB-A80C-B8DE758AF87B}"
EndProject
Project("{9A19103F-16F7-4668-BE54-9A1E7A4F7556}") = "Command", "Team\Command.csproj", "{8FCFC56E-3BEC-4D15-A49A-E672FE7489D4}"
EndProject
Project("{9A19103F-16F7-4668-BE54-9A1E7A4F7556}") = "UnitTest", "UnitTest\UnitTest.csproj", "{F3ED8538-6745-435D-ADFC-047C8C1FC981}"
EndProject
Project("{2150E333-8FDC-42A3-9474-1A3956D46DE8}") = "Patterns", "Patterns", "{9BEA6055-8995-46EA-BB81-C3B124361BDC}"
EndProject
Project("{2150E333-8FDC-42A3-9474-1A3956D46DE8}") = "UnitTests", "UnitTests", "{DCE42409-71DE-4DAF-BA3C-447D21FB63FD}"
EndProject
Project("{9A19103F-16F7-4668-BE54-9A1E7A4F7556}") = "Visitor", "Visitor\Visitor.csproj", "{326AA674-CE6D-40F1-8B20-1E9BC0FAE426}"
EndProject
Project("{2150E333-8FDC-42A3-9474-1A3956D46DE8}") = "WebDev", "WebDev", "{81ED2825-1E22-4552-8DBB-E688518C7795}"
EndProject
Project("{FAE04EC0-301F-11D3-BF4B-00C04F79EFBC}") = "Strategy", "Strategy\Strategy.csproj", "{04930AF0-BD39-4581-9CFD-4DF9683D93D7}"
EndProject
Project("{FAE04EC0-301F-11D3-BF4B-00C04F79EFBC}") = "State", "State\State.csproj", "{B9D05387-4563-4757-8BBB-C77AFDD71EC0}"
EndProject
Global
	GlobalSection(SolutionConfigurationPlatforms) = preSolution
		Debug|Any CPU = Debug|Any CPU
		Release|Any CPU = Release|Any CPU
	EndGlobalSection
	GlobalSection(ProjectConfigurationPlatforms) = postSolution
		{B6ECC248-A02C-4A7C-98D5-845E5C894574}.Debug|Any CPU.ActiveCfg = Debug|Any CPU
		{B6ECC248-A02C-4A7C-98D5-845E5C894574}.Debug|Any CPU.Build.0 = Debug|Any CPU
		{B6ECC248-A02C-4A7C-98D5-845E5C894574}.Release|Any CPU.ActiveCfg = Release|Any CPU
		{B6ECC248-A02C-4A7C-98D5-845E5C894574}.Release|Any CPU.Build.0 = Release|Any CPU
		{03D6AF19-F1EB-416E-95B7-12F347D76E19}.Debug|Any CPU.ActiveCfg = Debug|Any CPU
		{03D6AF19-F1EB-416E-95B7-12F347D76E19}.Debug|Any CPU.Build.0 = Debug|Any CPU
		{03D6AF19-F1EB-416E-95B7-12F347D76E19}.Release|Any CPU.ActiveCfg = Release|Any CPU
		{03D6AF19-F1EB-416E-95B7-12F347D76E19}.Release|Any CPU.Build.0 = Release|Any CPU
		{D75C942C-7FA8-4310-A022-339274DD0845}.Debug|Any CPU.ActiveCfg = Debug|Any CPU
		{D75C942C-7FA8-4310-A022-339274DD0845}.Debug|Any CPU.Build.0 = Debug|Any CPU
		{D75C942C-7FA8-4310-A022-339274DD0845}.Release|Any CPU.ActiveCfg = Release|Any CPU
		{D75C942C-7FA8-4310-A022-339274DD0845}.Release|Any CPU.Build.0 = Release|Any CPU
		{A0484373-B571-4485-9867-A000D8A33E48}.Debug|Any CPU.ActiveCfg = Debug|Any CPU
		{A0484373-B571-4485-9867-A000D8A33E48}.Debug|Any CPU.Build.0 = Debug|Any CPU
		{A0484373-B571-4485-9867-A000D8A33E48}.Release|Any CPU.ActiveCfg = Release|Any CPU
		{A0484373-B571-4485-9867-A000D8A33E48}.Release|Any CPU.Build.0 = Release|Any CPU
		{A6CA96F9-FC31-4DC0-88FF-CF0232E6D631}.Debug|Any CPU.ActiveCfg = Debug|Any CPU
		{A6CA96F9-FC31-4DC0-88FF-CF0232E6D631}.Debug|Any CPU.Build.0 = Debug|Any CPU
		{A6CA96F9-FC31-4DC0-88FF-CF0232E6D631}.Release|Any CPU.ActiveCfg = Release|Any CPU
		{A6CA96F9-FC31-4DC0-88FF-CF0232E6D631}.Release|Any CPU.Build.0 = Release|Any CPU
		{9DF6E89E-5B83-49C6-A1C5-406100A05918}.Debug|Any CPU.ActiveCfg = Debug|Any CPU
		{9DF6E89E-5B83-49C6-A1C5-406100A05918}.Debug|Any CPU.Build.0 = Debug|Any CPU
		{9DF6E89E-5B83-49C6-A1C5-406100A05918}.Release|Any CPU.ActiveCfg = Release|Any CPU
		{9DF6E89E-5B83-49C6-A1C5-406100A05918}.Release|Any CPU.Build.0 = Release|Any CPU
		{0CAFB26D-F5EE-47DA-BC4D-DD12283600B0}.Debug|Any CPU.ActiveCfg = Debug|Any CPU
		{0CAFB26D-F5EE-47DA-BC4D-DD12283600B0}.Debug|Any CPU.Build.0 = Debug|Any CPU
		{0CAFB26D-F5EE-47DA-BC4D-DD12283600B0}.Release|Any CPU.ActiveCfg = Release|Any CPU
		{0CAFB26D-F5EE-47DA-BC4D-DD12283600B0}.Release|Any CPU.Build.0 = Release|Any CPU
		{8EEF563D-D12D-49FB-A80C-B8DE758AF87B}.Debug|Any CPU.ActiveCfg = Debug|Any CPU
		{8EEF563D-D12D-49FB-A80C-B8DE758AF87B}.Debug|Any CPU.Build.0 = Debug|Any CPU
		{8EEF563D-D12D-49FB-A80C-B8DE758AF87B}.Release|Any CPU.ActiveCfg = Release|Any CPU
		{8EEF563D-D12D-49FB-A80C-B8DE758AF87B}.Release|Any CPU.Build.0 = Release|Any CPU
		{8FCFC56E-3BEC-4D15-A49A-E672FE7489D4}.Debug|Any CPU.ActiveCfg = Debug|Any CPU
		{8FCFC56E-3BEC-4D15-A49A-E672FE7489D4}.Debug|Any CPU.Build.0 = Debug|Any CPU
		{8FCFC56E-3BEC-4D15-A49A-E672FE7489D4}.Release|Any CPU.ActiveCfg = Release|Any CPU
		{8FCFC56E-3BEC-4D15-A49A-E672FE7489D4}.Release|Any CPU.Build.0 = Release|Any CPU
		{F3ED8538-6745-435D-ADFC-047C8C1FC981}.Debug|Any CPU.ActiveCfg = Debug|Any CPU
		{F3ED8538-6745-435D-ADFC-047C8C1FC981}.Debug|Any CPU.Build.0 = Debug|Any CPU
		{F3ED8538-6745-435D-ADFC-047C8C1FC981}.Release|Any CPU.ActiveCfg = Release|Any CPU
		{F3ED8538-6745-435D-ADFC-047C8C1FC981}.Release|Any CPU.Build.0 = Release|Any CPU
		{326AA674-CE6D-40F1-8B20-1E9BC0FAE426}.Debug|Any CPU.ActiveCfg = Debug|Any CPU
		{326AA674-CE6D-40F1-8B20-1E9BC0FAE426}.Debug|Any CPU.Build.0 = Debug|Any CPU
		{326AA674-CE6D-40F1-8B20-1E9BC0FAE426}.Release|Any CPU.ActiveCfg = Release|Any CPU
		{326AA674-CE6D-40F1-8B20-1E9BC0FAE426}.Release|Any CPU.Build.0 = Release|Any CPU
		{04930AF0-BD39-4581-9CFD-4DF9683D93D7}.Debug|Any CPU.ActiveCfg = Debug|Any CPU
		{04930AF0-BD39-4581-9CFD-4DF9683D93D7}.Debug|Any CPU.Build.0 = Debug|Any CPU
		{04930AF0-BD39-4581-9CFD-4DF9683D93D7}.Release|Any CPU.ActiveCfg = Release|Any CPU
		{04930AF0-BD39-4581-9CFD-4DF9683D93D7}.Release|Any CPU.Build.0 = Release|Any CPU
		{B9D05387-4563-4757-8BBB-C77AFDD71EC0}.Debug|Any CPU.ActiveCfg = Debug|Any CPU
		{B9D05387-4563-4757-8BBB-C77AFDD71EC0}.Debug|Any CPU.Build.0 = Debug|Any CPU
		{B9D05387-4563-4757-8BBB-C77AFDD71EC0}.Release|Any CPU.ActiveCfg = Release|Any CPU
		{B9D05387-4563-4757-8BBB-C77AFDD71EC0}.Release|Any CPU.Build.0 = Release|Any CPU
	EndGlobalSection
	GlobalSection(SolutionProperties) = preSolution
		HideSolutionNode = FALSE
	EndGlobalSection
	GlobalSection(NestedProjects) = preSolution
		{B6ECC248-A02C-4A7C-98D5-845E5C894574} = {9BEA6055-8995-46EA-BB81-C3B124361BDC}
		{03D6AF19-F1EB-416E-95B7-12F347D76E19} = {9BEA6055-8995-46EA-BB81-C3B124361BDC}
		{D75C942C-7FA8-4310-A022-339274DD0845} = {9BEA6055-8995-46EA-BB81-C3B124361BDC}
		{A0484373-B571-4485-9867-A000D8A33E48} = {9BEA6055-8995-46EA-BB81-C3B124361BDC}
		{A6CA96F9-FC31-4DC0-88FF-CF0232E6D631} = {9BEA6055-8995-46EA-BB81-C3B124361BDC}
		{9DF6E89E-5B83-49C6-A1C5-406100A05918} = {9BEA6055-8995-46EA-BB81-C3B124361BDC}
		{0CAFB26D-F5EE-47DA-BC4D-DD12283600B0} = {9BEA6055-8995-46EA-BB81-C3B124361BDC}
		{8EEF563D-D12D-49FB-A80C-B8DE758AF87B} = {9BEA6055-8995-46EA-BB81-C3B124361BDC}
		{8FCFC56E-3BEC-4D15-A49A-E672FE7489D4} = {9BEA6055-8995-46EA-BB81-C3B124361BDC}
		{F3ED8538-6745-435D-ADFC-047C8C1FC981} = {DCE42409-71DE-4DAF-BA3C-447D21FB63FD}
		{326AA674-CE6D-40F1-8B20-1E9BC0FAE426} = {9BEA6055-8995-46EA-BB81-C3B124361BDC}
		{04930AF0-BD39-4581-9CFD-4DF9683D93D7} = {9BEA6055-8995-46EA-BB81-C3B124361BDC}
		{B9D05387-4563-4757-8BBB-C77AFDD71EC0} = {9BEA6055-8995-46EA-BB81-C3B124361BDC}
	EndGlobalSection
	GlobalSection(ExtensibilityGlobals) = postSolution
		SolutionGuid = {D954B4C2-9E74-469D-8ACA-3640C2A30788}
	EndGlobalSection
EndGlobal
